
Microsoft Visual Studio Solution File, Format Version 12.00
# Visual Studio Version 16
VisualStudioVersion = 16.0.30717.126
MinimumVisualStudioVersion = 15.0.26124.0
Project("{2150E333-8FDC-42A3-9474-1A3956D46DE8}") = "src", "src", "{9B9FD017-CB05-4743-9657-A3B31592D222}"
EndProject
Project("{9A19103F-16F7-4668-BE54-9A1E7A4F7556}") = "MonetaryCalculator.Domain", "src\MonetaryCalculator.Domain\MonetaryCalculator.Domain.csproj", "{77EAB071-C344-45D4-897B-2CB7F81C028D}"
EndProject
Project("{9A19103F-16F7-4668-BE54-9A1E7A4F7556}") = "MonetaryCalculator.Domain.UnitTest", "src\MonetaryCalculator.Domain.UnitTest\MonetaryCalculator.Domain.UnitTest.csproj", "{E89DB6AB-E025-4D6F-9B48-508B0775F251}"
EndProject
Project("{9A19103F-16F7-4668-BE54-9A1E7A4F7556}") = "MonetaryCalculator.Host", "src\MonetaryCalculator.Host\MonetaryCalculator.Host.csproj", "{D826DD11-725A-442F-9CCA-1C41E2654F50}"
EndProject
Project("{9A19103F-16F7-4668-BE54-9A1E7A4F7556}") = "MonetaryCalculator.Host.UnitTest", "src\MonetaryCalculator.Host.UnitTest\MonetaryCalculator.Host.UnitTest.csproj", "{518133C8-4AF2-4911-8505-FAC8F3650C57}"
EndProject
Project("{9A19103F-16F7-4668-BE54-9A1E7A4F7556}") = "MonetaryCalculator.Infra.Data", "src\MonetaryCalculator.Infra.Data\MonetaryCalculator.Infra.Data.csproj", "{C599580A-668E-4F2F-BAFE-575B88448478}"
EndProject
Global
	GlobalSection(SolutionConfigurationPlatforms) = preSolution
		Debug|Any CPU = Debug|Any CPU
		Debug|x64 = Debug|x64
		Debug|x86 = Debug|x86
		Release|Any CPU = Release|Any CPU
		Release|x64 = Release|x64
		Release|x86 = Release|x86
	EndGlobalSection
	GlobalSection(ProjectConfigurationPlatforms) = postSolution
		{77EAB071-C344-45D4-897B-2CB7F81C028D}.Debug|Any CPU.ActiveCfg = Debug|Any CPU
		{77EAB071-C344-45D4-897B-2CB7F81C028D}.Debug|Any CPU.Build.0 = Debug|Any CPU
		{77EAB071-C344-45D4-897B-2CB7F81C028D}.Debug|x64.ActiveCfg = Debug|Any CPU
		{77EAB071-C344-45D4-897B-2CB7F81C028D}.Debug|x64.Build.0 = Debug|Any CPU
		{77EAB071-C344-45D4-897B-2CB7F81C028D}.Debug|x86.ActiveCfg = Debug|Any CPU
		{77EAB071-C344-45D4-897B-2CB7F81C028D}.Debug|x86.Build.0 = Debug|Any CPU
		{77EAB071-C344-45D4-897B-2CB7F81C028D}.Release|Any CPU.ActiveCfg = Release|Any CPU
		{77EAB071-C344-45D4-897B-2CB7F81C028D}.Release|Any CPU.Build.0 = Release|Any CPU
		{77EAB071-C344-45D4-897B-2CB7F81C028D}.Release|x64.ActiveCfg = Release|Any CPU
		{77EAB071-C344-45D4-897B-2CB7F81C028D}.Release|x64.Build.0 = Release|Any CPU
		{77EAB071-C344-45D4-897B-2CB7F81C028D}.Release|x86.ActiveCfg = Release|Any CPU
		{77EAB071-C344-45D4-897B-2CB7F81C028D}.Release|x86.Build.0 = Release|Any CPU
		{E89DB6AB-E025-4D6F-9B48-508B0775F251}.Debug|Any CPU.ActiveCfg = Debug|Any CPU
		{E89DB6AB-E025-4D6F-9B48-508B0775F251}.Debug|Any CPU.Build.0 = Debug|Any CPU
		{E89DB6AB-E025-4D6F-9B48-508B0775F251}.Debug|x64.ActiveCfg = Debug|Any CPU
		{E89DB6AB-E025-4D6F-9B48-508B0775F251}.Debug|x64.Build.0 = Debug|Any CPU
		{E89DB6AB-E025-4D6F-9B48-508B0775F251}.Debug|x86.ActiveCfg = Debug|Any CPU
		{E89DB6AB-E025-4D6F-9B48-508B0775F251}.Debug|x86.Build.0 = Debug|Any CPU
		{E89DB6AB-E025-4D6F-9B48-508B0775F251}.Release|Any CPU.ActiveCfg = Release|Any CPU
		{E89DB6AB-E025-4D6F-9B48-508B0775F251}.Release|Any CPU.Build.0 = Release|Any CPU
		{E89DB6AB-E025-4D6F-9B48-508B0775F251}.Release|x64.ActiveCfg = Release|Any CPU
		{E89DB6AB-E025-4D6F-9B48-508B0775F251}.Release|x64.Build.0 = Release|Any CPU
		{E89DB6AB-E025-4D6F-9B48-508B0775F251}.Release|x86.ActiveCfg = Release|Any CPU
		{E89DB6AB-E025-4D6F-9B48-508B0775F251}.Release|x86.Build.0 = Release|Any CPU
		{D826DD11-725A-442F-9CCA-1C41E2654F50}.Debug|Any CPU.ActiveCfg = Debug|Any CPU
		{D826DD11-725A-442F-9CCA-1C41E2654F50}.Debug|Any CPU.Build.0 = Debug|Any CPU
		{D826DD11-725A-442F-9CCA-1C41E2654F50}.Debug|x64.ActiveCfg = Debug|Any CPU
		{D826DD11-725A-442F-9CCA-1C41E2654F50}.Debug|x64.Build.0 = Debug|Any CPU
		{D826DD11-725A-442F-9CCA-1C41E2654F50}.Debug|x86.ActiveCfg = Debug|Any CPU
		{D826DD11-725A-442F-9CCA-1C41E2654F50}.Debug|x86.Build.0 = Debug|Any CPU
		{D826DD11-725A-442F-9CCA-1C41E2654F50}.Release|Any CPU.ActiveCfg = Release|Any CPU
		{D826DD11-725A-442F-9CCA-1C41E2654F50}.Release|Any CPU.Build.0 = Release|Any CPU
		{D826DD11-725A-442F-9CCA-1C41E2654F50}.Release|x64.ActiveCfg = Release|Any CPU
		{D826DD11-725A-442F-9CCA-1C41E2654F50}.Release|x64.Build.0 = Release|Any CPU
		{D826DD11-725A-442F-9CCA-1C41E2654F50}.Release|x86.ActiveCfg = Release|Any CPU
		{D826DD11-725A-442F-9CCA-1C41E2654F50}.Release|x86.Build.0 = Release|Any CPU
		{518133C8-4AF2-4911-8505-FAC8F3650C57}.Debug|Any CPU.ActiveCfg = Debug|Any CPU
		{518133C8-4AF2-4911-8505-FAC8F3650C57}.Debug|Any CPU.Build.0 = Debug|Any CPU
		{518133C8-4AF2-4911-8505-FAC8F3650C57}.Debug|x64.ActiveCfg = Debug|Any CPU
		{518133C8-4AF2-4911-8505-FAC8F3650C57}.Debug|x64.Build.0 = Debug|Any CPU
		{518133C8-4AF2-4911-8505-FAC8F3650C57}.Debug|x86.ActiveCfg = Debug|Any CPU
		{518133C8-4AF2-4911-8505-FAC8F3650C57}.Debug|x86.Build.0 = Debug|Any CPU
		{518133C8-4AF2-4911-8505-FAC8F3650C57}.Release|Any CPU.ActiveCfg = Release|Any CPU
		{518133C8-4AF2-4911-8505-FAC8F3650C57}.Release|Any CPU.Build.0 = Release|Any CPU
		{518133C8-4AF2-4911-8505-FAC8F3650C57}.Release|x64.ActiveCfg = Release|Any CPU
		{518133C8-4AF2-4911-8505-FAC8F3650C57}.Release|x64.Build.0 = Release|Any CPU
		{518133C8-4AF2-4911-8505-FAC8F3650C57}.Release|x86.ActiveCfg = Release|Any CPU
		{518133C8-4AF2-4911-8505-FAC8F3650C57}.Release|x86.Build.0 = Release|Any CPU
		{C599580A-668E-4F2F-BAFE-575B88448478}.Debug|Any CPU.ActiveCfg = Debug|Any CPU
		{C599580A-668E-4F2F-BAFE-575B88448478}.Debug|Any CPU.Build.0 = Debug|Any CPU
		{C599580A-668E-4F2F-BAFE-575B88448478}.Debug|x64.ActiveCfg = Debug|Any CPU
		{C599580A-668E-4F2F-BAFE-575B88448478}.Debug|x64.Build.0 = Debug|Any CPU
		{C599580A-668E-4F2F-BAFE-575B88448478}.Debug|x86.ActiveCfg = Debug|Any CPU
		{C599580A-668E-4F2F-BAFE-575B88448478}.Debug|x86.Build.0 = Debug|Any CPU
		{C599580A-668E-4F2F-BAFE-575B88448478}.Release|Any CPU.ActiveCfg = Release|Any CPU
		{C599580A-668E-4F2F-BAFE-575B88448478}.Release|Any CPU.Build.0 = Release|Any CPU
		{C599580A-668E-4F2F-BAFE-575B88448478}.Release|x64.ActiveCfg = Release|Any CPU
		{C599580A-668E-4F2F-BAFE-575B88448478}.Release|x64.Build.0 = Release|Any CPU
		{C599580A-668E-4F2F-BAFE-575B88448478}.Release|x86.ActiveCfg = Release|Any CPU
		{C599580A-668E-4F2F-BAFE-575B88448478}.Release|x86.Build.0 = Release|Any CPU
	EndGlobalSection
	GlobalSection(SolutionProperties) = preSolution
		HideSolutionNode = FALSE
	EndGlobalSection
	GlobalSection(NestedProjects) = preSolution
		{77EAB071-C344-45D4-897B-2CB7F81C028D} = {9B9FD017-CB05-4743-9657-A3B31592D222}
		{E89DB6AB-E025-4D6F-9B48-508B0775F251} = {9B9FD017-CB05-4743-9657-A3B31592D222}
		{D826DD11-725A-442F-9CCA-1C41E2654F50} = {9B9FD017-CB05-4743-9657-A3B31592D222}
		{518133C8-4AF2-4911-8505-FAC8F3650C57} = {9B9FD017-CB05-4743-9657-A3B31592D222}
		{C599580A-668E-4F2F-BAFE-575B88448478} = {9B9FD017-CB05-4743-9657-A3B31592D222}
	EndGlobalSection
	GlobalSection(ExtensibilityGlobals) = postSolution
		SolutionGuid = {D2DB7994-A8F6-45F0-9B29-18157DD3C30D}
	EndGlobalSection
EndGlobal
